
Microsoft Visual Studio Solution File, Format Version 12.00
# Visual Studio Version 17
VisualStudioVersion = 17.1.32228.430
MinimumVisualStudioVersion = 10.0.40219.1
Project("{FAE04EC0-301F-11D3-BF4B-00C04F79EFBC}") = "ÖVNING3", "ÖVNING3\ÖVNING3.csproj", "{AA901F96-EBBD-4F5F-9006-089827BA65E1}"
EndProject
Project("{FAE04EC0-301F-11D3-BF4B-00C04F79EFBC}") = "ÖvningTest1", "ÖvningTest1\ÖvningTest1.csproj", "{03C18422-B8CA-4C3B-93F7-4330E5170F69}"
EndProject
Global
	GlobalSection(SolutionConfigurationPlatforms) = preSolution
		Debug|Any CPU = Debug|Any CPU
		Release|Any CPU = Release|Any CPU
	EndGlobalSection
	GlobalSection(ProjectConfigurationPlatforms) = postSolution
		{AA901F96-EBBD-4F5F-9006-089827BA65E1}.Debug|Any CPU.ActiveCfg = Debug|Any CPU
		{AA901F96-EBBD-4F5F-9006-089827BA65E1}.Debug|Any CPU.Build.0 = Debug|Any CPU
		{AA901F96-EBBD-4F5F-9006-089827BA65E1}.Release|Any CPU.ActiveCfg = Release|Any CPU
		{AA901F96-EBBD-4F5F-9006-089827BA65E1}.Release|Any CPU.Build.0 = Release|Any CPU
		{03C18422-B8CA-4C3B-93F7-4330E5170F69}.Debug|Any CPU.ActiveCfg = Debug|Any CPU
		{03C18422-B8CA-4C3B-93F7-4330E5170F69}.Debug|Any CPU.Build.0 = Debug|Any CPU
		{03C18422-B8CA-4C3B-93F7-4330E5170F69}.Release|Any CPU.ActiveCfg = Release|Any CPU
		{03C18422-B8CA-4C3B-93F7-4330E5170F69}.Release|Any CPU.Build.0 = Release|Any CPU
	EndGlobalSection
	GlobalSection(SolutionProperties) = preSolution
		HideSolutionNode = FALSE
	EndGlobalSection
	GlobalSection(ExtensibilityGlobals) = postSolution
		SolutionGuid = {932395EF-6C56-4722-915E-9FC8EBDB98EB}
	EndGlobalSection
EndGlobal
